
Microsoft Visual Studio Solution File, Format Version 12.00
# Visual Studio Version 16
VisualStudioVersion = 16.0.29709.97
MinimumVisualStudioVersion = 10.0.40219.1
Project("{9A19103F-16F7-4668-BE54-9A1E7A4F7556}") = "LearningEngine.Application", "LearningEngine.Application\LearningEngine.Application.csproj", "{C8774429-B463-4A91-B857-B0A90CADF866}"
EndProject
Project("{9A19103F-16F7-4668-BE54-9A1E7A4F7556}") = "LearningEngine.Api", "LearningEngine.Api\LearningEngine.Api.csproj", "{AE4E4577-1A5D-4F95-9795-99CDE7AC00AA}"
EndProject
Project("{9A19103F-16F7-4668-BE54-9A1E7A4F7556}") = "LearningEngine.Persistence", "LearningEngine.Persistence\LearningEngine.Persistence.csproj", "{6417C2FC-7320-4DA1-8707-73D9C240B013}"
EndProject
Project("{FAE04EC0-301F-11D3-BF4B-00C04F79EFBC}") = "LearningEngine.Domain", "LearningEngine.Domain\LearningEngine.Domain.csproj", "{C99A17AB-E8A3-4E96-AD9B-CC2B1929146C}"
EndProject
Project("{9A19103F-16F7-4668-BE54-9A1E7A4F7556}") = "LearningEngine.IntegrationTests", "Tests\LearningEngine.IntegrationTests\LearningEngine.IntegrationTests.csproj", "{939FA494-D407-4A07-8AF4-91BE2E50E926}"
EndProject
Project("{9A19103F-16F7-4668-BE54-9A1E7A4F7556}") = "LearningEngine.UnitTests", "Tests\LearningEngine.UnitTests\LearningEngine.UnitTests.csproj", "{267E39A1-9AD6-4137-A376-34E38D90B490}"
EndProject
Global
	GlobalSection(SolutionConfigurationPlatforms) = preSolution
		Debug|Any CPU = Debug|Any CPU
		Release|Any CPU = Release|Any CPU
	EndGlobalSection
	GlobalSection(ProjectConfigurationPlatforms) = postSolution
		{C8774429-B463-4A91-B857-B0A90CADF866}.Debug|Any CPU.ActiveCfg = Debug|Any CPU
		{C8774429-B463-4A91-B857-B0A90CADF866}.Debug|Any CPU.Build.0 = Debug|Any CPU
		{C8774429-B463-4A91-B857-B0A90CADF866}.Release|Any CPU.ActiveCfg = Release|Any CPU
		{C8774429-B463-4A91-B857-B0A90CADF866}.Release|Any CPU.Build.0 = Release|Any CPU
		{AE4E4577-1A5D-4F95-9795-99CDE7AC00AA}.Debug|Any CPU.ActiveCfg = Debug|Any CPU
		{AE4E4577-1A5D-4F95-9795-99CDE7AC00AA}.Debug|Any CPU.Build.0 = Debug|Any CPU
		{AE4E4577-1A5D-4F95-9795-99CDE7AC00AA}.Release|Any CPU.ActiveCfg = Release|Any CPU
		{AE4E4577-1A5D-4F95-9795-99CDE7AC00AA}.Release|Any CPU.Build.0 = Release|Any CPU
		{6417C2FC-7320-4DA1-8707-73D9C240B013}.Debug|Any CPU.ActiveCfg = Debug|Any CPU
		{6417C2FC-7320-4DA1-8707-73D9C240B013}.Debug|Any CPU.Build.0 = Debug|Any CPU
		{6417C2FC-7320-4DA1-8707-73D9C240B013}.Release|Any CPU.ActiveCfg = Release|Any CPU
		{6417C2FC-7320-4DA1-8707-73D9C240B013}.Release|Any CPU.Build.0 = Release|Any CPU
		{C99A17AB-E8A3-4E96-AD9B-CC2B1929146C}.Debug|Any CPU.ActiveCfg = Debug|Any CPU
		{C99A17AB-E8A3-4E96-AD9B-CC2B1929146C}.Debug|Any CPU.Build.0 = Debug|Any CPU
		{C99A17AB-E8A3-4E96-AD9B-CC2B1929146C}.Release|Any CPU.ActiveCfg = Release|Any CPU
		{C99A17AB-E8A3-4E96-AD9B-CC2B1929146C}.Release|Any CPU.Build.0 = Release|Any CPU
		{939FA494-D407-4A07-8AF4-91BE2E50E926}.Debug|Any CPU.ActiveCfg = Debug|Any CPU
		{939FA494-D407-4A07-8AF4-91BE2E50E926}.Debug|Any CPU.Build.0 = Debug|Any CPU
		{939FA494-D407-4A07-8AF4-91BE2E50E926}.Release|Any CPU.ActiveCfg = Release|Any CPU
		{939FA494-D407-4A07-8AF4-91BE2E50E926}.Release|Any CPU.Build.0 = Release|Any CPU
		{267E39A1-9AD6-4137-A376-34E38D90B490}.Debug|Any CPU.ActiveCfg = Debug|Any CPU
		{267E39A1-9AD6-4137-A376-34E38D90B490}.Debug|Any CPU.Build.0 = Debug|Any CPU
		{267E39A1-9AD6-4137-A376-34E38D90B490}.Release|Any CPU.ActiveCfg = Release|Any CPU
		{267E39A1-9AD6-4137-A376-34E38D90B490}.Release|Any CPU.Build.0 = Release|Any CPU
	EndGlobalSection
	GlobalSection(SolutionProperties) = preSolution
		HideSolutionNode = FALSE
	EndGlobalSection
	GlobalSection(ExtensibilityGlobals) = postSolution
		SolutionGuid = {8E805C1B-84F7-4006-BD09-0F213DE08336}
	EndGlobalSection
EndGlobal
