
Microsoft Visual Studio Solution File, Format Version 12.00
# Visual Studio Version 16
VisualStudioVersion = 16.0.29709.97
MinimumVisualStudioVersion = 10.0.40219.1
Project("{9A19103F-16F7-4668-BE54-9A1E7A4F7556}") = "LearningEngine.Domain", "LearnEngine.Domain\LearningEngine.Domain.csproj", "{D496715D-F74F-4F6E-957B-6D7C7741D324}"
EndProject
Project("{9A19103F-16F7-4668-BE54-9A1E7A4F7556}") = "LearningEngine.Persistence", "LearnEngine.Persistence\LearningEngine.Persistence.csproj", "{02BC1765-BA01-485C-A6A6-A1063C61D8BF}"
EndProject
Project("{FAE04EC0-301F-11D3-BF4B-00C04F79EFBC}") = "LearningEngine.Application", "LearningEngine.Application\LearningEngine.Application.csproj", "{C8774429-B463-4A91-B857-B0A90CADF866}"
EndProject
Project("{FAE04EC0-301F-11D3-BF4B-00C04F79EFBC}") = "LearningEngine.Api", "LearningEngine.Api\LearningEngine.Api.csproj", "{AE4E4577-1A5D-4F95-9795-99CDE7AC00AA}"
EndProject
Global
	GlobalSection(SolutionConfigurationPlatforms) = preSolution
		Debug|Any CPU = Debug|Any CPU
		Release|Any CPU = Release|Any CPU
	EndGlobalSection
	GlobalSection(ProjectConfigurationPlatforms) = postSolution
		{D496715D-F74F-4F6E-957B-6D7C7741D324}.Debug|Any CPU.ActiveCfg = Debug|Any CPU
		{D496715D-F74F-4F6E-957B-6D7C7741D324}.Debug|Any CPU.Build.0 = Debug|Any CPU
		{D496715D-F74F-4F6E-957B-6D7C7741D324}.Release|Any CPU.ActiveCfg = Release|Any CPU
		{D496715D-F74F-4F6E-957B-6D7C7741D324}.Release|Any CPU.Build.0 = Release|Any CPU
		{02BC1765-BA01-485C-A6A6-A1063C61D8BF}.Debug|Any CPU.ActiveCfg = Debug|Any CPU
		{02BC1765-BA01-485C-A6A6-A1063C61D8BF}.Debug|Any CPU.Build.0 = Debug|Any CPU
		{02BC1765-BA01-485C-A6A6-A1063C61D8BF}.Release|Any CPU.ActiveCfg = Release|Any CPU
		{02BC1765-BA01-485C-A6A6-A1063C61D8BF}.Release|Any CPU.Build.0 = Release|Any CPU
		{C8774429-B463-4A91-B857-B0A90CADF866}.Debug|Any CPU.ActiveCfg = Debug|Any CPU
		{C8774429-B463-4A91-B857-B0A90CADF866}.Debug|Any CPU.Build.0 = Debug|Any CPU
		{C8774429-B463-4A91-B857-B0A90CADF866}.Release|Any CPU.ActiveCfg = Release|Any CPU
		{C8774429-B463-4A91-B857-B0A90CADF866}.Release|Any CPU.Build.0 = Release|Any CPU
		{AE4E4577-1A5D-4F95-9795-99CDE7AC00AA}.Debug|Any CPU.ActiveCfg = Debug|Any CPU
		{AE4E4577-1A5D-4F95-9795-99CDE7AC00AA}.Debug|Any CPU.Build.0 = Debug|Any CPU
		{AE4E4577-1A5D-4F95-9795-99CDE7AC00AA}.Release|Any CPU.ActiveCfg = Release|Any CPU
		{AE4E4577-1A5D-4F95-9795-99CDE7AC00AA}.Release|Any CPU.Build.0 = Release|Any CPU
	EndGlobalSection
	GlobalSection(SolutionProperties) = preSolution
		HideSolutionNode = FALSE
	EndGlobalSection
	GlobalSection(ExtensibilityGlobals) = postSolution
		SolutionGuid = {8E805C1B-84F7-4006-BD09-0F213DE08336}
	EndGlobalSection
EndGlobal
